PODS:
  - Alamofire (4.7.2)
  - SwiftChart (1.0.1)

DEPENDENCIES:
  - Alamofire (= 4.7.2)
  - SwiftChart

SPEC REPOS:
  https://github.com/cocoapods/specs.git:
    - Alamofire
    - SwiftChart

SPEC CHECKSUMS:
  Alamofire: e4fa87002c137ba2d8d634d2c51fabcda0d5c223
  SwiftChart: ba767a678d568a5ee22d419e146a0582865e1aff

PODFILE CHECKSUM: 319ad97c13c5b69ba8515ac49d2514eac374f223

COCOAPODS: 1.6.0.beta.2
